
Microsoft Visual Studio Solution File, Format Version 12.00
# Visual Studio Version 17
VisualStudioVersion = 17.4.33122.133
MinimumVisualStudioVersion = 10.0.40219.1
Project("{FAE04EC0-301F-11D3-BF4B-00C04F79EFBC}") = "Method_practice_reference_and_value_types", "Method_practice_reference_and_value_types\Method_practice_reference_and_value_types.csproj", "{9B71FCD3-7F0D-446B-B619-0349DF838D28}"
EndProject
Project("{FAE04EC0-301F-11D3-BF4B-00C04F79EFBC}") = "InClassWorks", "InClassWorks\InClassWorks.csproj", "{BE211931-F339-462A-8455-053DB349128B}"
EndProject
Global
	GlobalSection(SolutionConfigurationPlatforms) = preSolution
		Debug|Any CPU = Debug|Any CPU
		Release|Any CPU = Release|Any CPU
	EndGlobalSection
	GlobalSection(ProjectConfigurationPlatforms) = postSolution
		{9B71FCD3-7F0D-446B-B619-0349DF838D28}.Debug|Any CPU.ActiveCfg = Debug|Any CPU
		{9B71FCD3-7F0D-446B-B619-0349DF838D28}.Debug|Any CPU.Build.0 = Debug|Any CPU
		{9B71FCD3-7F0D-446B-B619-0349DF838D28}.Release|Any CPU.ActiveCfg = Release|Any CPU
		{9B71FCD3-7F0D-446B-B619-0349DF838D28}.Release|Any CPU.Build.0 = Release|Any CPU
		{BE211931-F339-462A-8455-053DB349128B}.Debug|Any CPU.ActiveCfg = Debug|Any CPU
		{BE211931-F339-462A-8455-053DB349128B}.Debug|Any CPU.Build.0 = Debug|Any CPU
		{BE211931-F339-462A-8455-053DB349128B}.Release|Any CPU.ActiveCfg = Release|Any CPU
		{BE211931-F339-462A-8455-053DB349128B}.Release|Any CPU.Build.0 = Release|Any CPU
	EndGlobalSection
	GlobalSection(SolutionProperties) = preSolution
		HideSolutionNode = FALSE
	EndGlobalSection
	GlobalSection(ExtensibilityGlobals) = postSolution
		SolutionGuid = {00E7E2C0-F229-4E15-B0FC-5E5B6B461987}
	EndGlobalSection
EndGlobal
